
Microsoft Visual Studio Solution File, Format Version 12.00
# Visual Studio Version 16
VisualStudioVersion = 16.0.31410.357
MinimumVisualStudioVersion = 10.0.40219.1
Project("{FAE04EC0-301F-11D3-BF4B-00C04F79EFBC}") = "primeiroAPP.Android", "primeiroAPP\primeiroAPP.Android\primeiroAPP.Android.csproj", "{C14A44E7-CBAE-4FB1-A97E-A495C29DF6E8}"
EndProject
Project("{FAE04EC0-301F-11D3-BF4B-00C04F79EFBC}") = "primeiroAPP.iOS", "primeiroAPP\primeiroAPP.iOS\primeiroAPP.iOS.csproj", "{4D73277A-3515-41B4-9E48-886084BDC449}"
EndProject
Project("{FAE04EC0-301F-11D3-BF4B-00C04F79EFBC}") = "primeiroAPP", "primeiroAPP\primeiroAPP\primeiroAPP.csproj", "{A9628518-8338-40A6-9B17-AF780C4F7E48}"
EndProject
Global
	GlobalSection(SolutionConfigurationPlatforms) = preSolution
		Debug|Any CPU = Debug|Any CPU
		Debug|iPhone = Debug|iPhone
		Debug|iPhoneSimulator = Debug|iPhoneSimulator
		Release|Any CPU = Release|Any CPU
		Release|iPhone = Release|iPhone
		Release|iPhoneSimulator = Release|iPhoneSimulator
	EndGlobalSection
	GlobalSection(ProjectConfigurationPlatforms) = postSolution
		{C14A44E7-CBAE-4FB1-A97E-A495C29DF6E8}.Debug|Any CPU.ActiveCfg = Debug|Any CPU
		{C14A44E7-CBAE-4FB1-A97E-A495C29DF6E8}.Debug|Any CPU.Build.0 = Debug|Any CPU
		{C14A44E7-CBAE-4FB1-A97E-A495C29DF6E8}.Debug|Any CPU.Deploy.0 = Debug|Any CPU
		{C14A44E7-CBAE-4FB1-A97E-A495C29DF6E8}.Debug|iPhone.ActiveCfg = Debug|Any CPU
		{C14A44E7-CBAE-4FB1-A97E-A495C29DF6E8}.Debug|iPhone.Build.0 = Debug|Any CPU
		{C14A44E7-CBAE-4FB1-A97E-A495C29DF6E8}.Debug|iPhone.Deploy.0 = Debug|Any CPU
		{C14A44E7-CBAE-4FB1-A97E-A495C29DF6E8}.Debug|iPhoneSimulator.ActiveCfg = Debug|Any CPU
		{C14A44E7-CBAE-4FB1-A97E-A495C29DF6E8}.Debug|iPhoneSimulator.Build.0 = Debug|Any CPU
		{C14A44E7-CBAE-4FB1-A97E-A495C29DF6E8}.Debug|iPhoneSimulator.Deploy.0 = Debug|Any CPU
		{C14A44E7-CBAE-4FB1-A97E-A495C29DF6E8}.Release|Any CPU.ActiveCfg = Release|Any CPU
		{C14A44E7-CBAE-4FB1-A97E-A495C29DF6E8}.Release|Any CPU.Build.0 = Release|Any CPU
		{C14A44E7-CBAE-4FB1-A97E-A495C29DF6E8}.Release|Any CPU.Deploy.0 = Release|Any CPU
		{C14A44E7-CBAE-4FB1-A97E-A495C29DF6E8}.Release|iPhone.ActiveCfg = Release|Any CPU
		{C14A44E7-CBAE-4FB1-A97E-A495C29DF6E8}.Release|iPhone.Build.0 = Release|Any CPU
		{C14A44E7-CBAE-4FB1-A97E-A495C29DF6E8}.Release|iPhone.Deploy.0 = Release|Any CPU
		{C14A44E7-CBAE-4FB1-A97E-A495C29DF6E8}.Release|iPhoneSimulator.ActiveCfg = Release|Any CPU
		{C14A44E7-CBAE-4FB1-A97E-A495C29DF6E8}.Release|iPhoneSimulator.Build.0 = Release|Any CPU
		{C14A44E7-CBAE-4FB1-A97E-A495C29DF6E8}.Release|iPhoneSimulator.Deploy.0 = Release|Any CPU
		{4D73277A-3515-41B4-9E48-886084BDC449}.Debug|Any CPU.ActiveCfg = Debug|iPhone
		{4D73277A-3515-41B4-9E48-886084BDC449}.Debug|Any CPU.Build.0 = Debug|iPhone
		{4D73277A-3515-41B4-9E48-886084BDC449}.Debug|Any CPU.Deploy.0 = Debug|iPhone
		{4D73277A-3515-41B4-9E48-886084BDC449}.Debug|iPhone.ActiveCfg = Debug|iPhone
		{4D73277A-3515-41B4-9E48-886084BDC449}.Debug|iPhone.Build.0 = Debug|iPhone
		{4D73277A-3515-41B4-9E48-886084BDC449}.Debug|iPhone.Deploy.0 = Debug|iPhone
		{4D73277A-3515-41B4-9E48-886084BDC449}.Debug|iPhoneSimulator.ActiveCfg = Debug|iPhoneSimulator
		{4D73277A-3515-41B4-9E48-886084BDC449}.Debug|iPhoneSimulator.Build.0 = Debug|iPhoneSimulator
		{4D73277A-3515-41B4-9E48-886084BDC449}.Debug|iPhoneSimulator.Deploy.0 = Debug|iPhoneSimulator
		{4D73277A-3515-41B4-9E48-886084BDC449}.Release|Any CPU.ActiveCfg = Release|iPhoneSimulator
		{4D73277A-3515-41B4-9E48-886084BDC449}.Release|Any CPU.Build.0 = Release|iPhoneSimulator
		{4D73277A-3515-41B4-9E48-886084BDC449}.Release|Any CPU.Deploy.0 = Release|iPhoneSimulator
		{4D73277A-3515-41B4-9E48-886084BDC449}.Release|iPhone.ActiveCfg = Release|iPhone
		{4D73277A-3515-41B4-9E48-886084BDC449}.Release|iPhone.Build.0 = Release|iPhone
		{4D73277A-3515-41B4-9E48-886084BDC449}.Release|iPhone.Deploy.0 = Release|iPhone
		{4D73277A-3515-41B4-9E48-886084BDC449}.Release|iPhoneSimulator.ActiveCfg = Release|iPhoneSimulator
		{4D73277A-3515-41B4-9E48-886084BDC449}.Release|iPhoneSimulator.Build.0 = Release|iPhoneSimulator
		{4D73277A-3515-41B4-9E48-886084BDC449}.Release|iPhoneSimulator.Deploy.0 = Release|iPhoneSimulator
		{A9628518-8338-40A6-9B17-AF780C4F7E48}.Debug|Any CPU.ActiveCfg = Debug|Any CPU
		{A9628518-8338-40A6-9B17-AF780C4F7E48}.Debug|Any CPU.Build.0 = Debug|Any CPU
		{A9628518-8338-40A6-9B17-AF780C4F7E48}.Debug|Any CPU.Deploy.0 = Debug|Any CPU
		{A9628518-8338-40A6-9B17-AF780C4F7E48}.Debug|iPhone.ActiveCfg = Debug|Any CPU
		{A9628518-8338-40A6-9B17-AF780C4F7E48}.Debug|iPhone.Build.0 = Debug|Any CPU
		{A9628518-8338-40A6-9B17-AF780C4F7E48}.Debug|iPhone.Deploy.0 = Debug|Any CPU
		{A9628518-8338-40A6-9B17-AF780C4F7E48}.Debug|iPhoneSimulator.ActiveCfg = Debug|Any CPU
		{A9628518-8338-40A6-9B17-AF780C4F7E48}.Debug|iPhoneSimulator.Build.0 = Debug|Any CPU
		{A9628518-8338-40A6-9B17-AF780C4F7E48}.Debug|iPhoneSimulator.Deploy.0 = Debug|Any CPU
		{A9628518-8338-40A6-9B17-AF780C4F7E48}.Release|Any CPU.ActiveCfg = Release|Any CPU
		{A9628518-8338-40A6-9B17-AF780C4F7E48}.Release|Any CPU.Build.0 = Release|Any CPU
		{A9628518-8338-40A6-9B17-AF780C4F7E48}.Release|Any CPU.Deploy.0 = Release|Any CPU
		{A9628518-8338-40A6-9B17-AF780C4F7E48}.Release|iPhone.ActiveCfg = Release|Any CPU
		{A9628518-8338-40A6-9B17-AF780C4F7E48}.Release|iPhone.Build.0 = Release|Any CPU
		{A9628518-8338-40A6-9B17-AF780C4F7E48}.Release|iPhone.Deploy.0 = Release|Any CPU
		{A9628518-8338-40A6-9B17-AF780C4F7E48}.Release|iPhoneSimulator.ActiveCfg = Release|Any CPU
		{A9628518-8338-40A6-9B17-AF780C4F7E48}.Release|iPhoneSimulator.Build.0 = Release|Any CPU
		{A9628518-8338-40A6-9B17-AF780C4F7E48}.Release|iPhoneSimulator.Deploy.0 = Release|Any CPU
	EndGlobalSection
	GlobalSection(SolutionProperties) = preSolution
		HideSolutionNode = FALSE
	EndGlobalSection
	GlobalSection(ExtensibilityGlobals) = postSolution
		SolutionGuid = {C2DDC32D-BAC1-48CB-AB61-25EAAF327CD5}
	EndGlobalSection
EndGlobal
